
Microsoft Visual Studio Solution File, Format Version 12.00
# Visual Studio Version 16
VisualStudioVersion = 16.0.29709.97
MinimumVisualStudioVersion = 10.0.40219.1
Project("{FAE04EC0-301F-11D3-BF4B-00C04F79EFBC}") = "dash", "dash\dash.csproj", "{6A211500-4756-4FFA-B7E0-E3BC4D7C0749}"
EndProject
Global
	GlobalSection(SolutionConfigurationPlatforms) = preSolution
		Debug|Any CPU = Debug|Any CPU
		Release|Any CPU = Release|Any CPU
	EndGlobalSection
	GlobalSection(ProjectConfigurationPlatforms) = postSolution
		{6A211500-4756-4FFA-B7E0-E3BC4D7C0749}.Debug|Any CPU.ActiveCfg = Debug|Any CPU
		{6A211500-4756-4FFA-B7E0-E3BC4D7C0749}.Debug|Any CPU.Build.0 = Debug|Any CPU
		{6A211500-4756-4FFA-B7E0-E3BC4D7C0749}.Release|Any CPU.ActiveCfg = Release|Any CPU
		{6A211500-4756-4FFA-B7E0-E3BC4D7C0749}.Release|Any CPU.Build.0 = Release|Any CPU
	EndGlobalSection
	GlobalSection(SolutionProperties) = preSolution
		HideSolutionNode = FALSE
	EndGlobalSection
	GlobalSection(ExtensibilityGlobals) = postSolution
		SolutionGuid = {2106DD08-1789-47DD-9DC0-E70999C7122B}
	EndGlobalSection
EndGlobal
